// !$*UTF8*$!
{
	archiveVersion = 1;
	classes = {
	};
	objectVersion = 55;
	objects = {

/* Begin PBXBuildFile section */
		033DC38828CE798E003D4050 /* AppDelegate.swift in Sources */ = {isa = PBXBuildFile; fileRef = 033DC38728CE798E003D4050 /* AppDelegate.swift */; };
		033DC38A28CE798E003D4050 /* SceneDelegate.swift in Sources */ = {isa = PBXBuildFile; fileRef = 033DC38928CE798E003D4050 /* SceneDelegate.swift */; };
		033DC38C28CE798E003D4050 /* ViewController.swift in Sources */ = {isa = PBXBuildFile; fileRef = 033DC38B28CE798E003D4050 /* ViewController.swift */; };
		033DC38F28CE798E003D4050 /* Main.storyboard in Resources */ = {isa = PBXBuildFile; fileRef = 033DC38D28CE798E003D4050 /* Main.storyboard */; };
		033DC39128CE798E003D4050 /* Assets.xcassets in Resources */ = {isa = PBXBuildFile; fileRef = 033DC39028CE798E003D4050 /* Assets.xcassets */; };
		033DC39428CE798E003D4050 /* LaunchScreen.storyboard in Resources */ = {isa = PBXBuildFile; fileRef = 033DC39228CE798E003D4050 /* LaunchScreen.storyboard */; };
		033DC39F28CE798F003D4050 /* FlixTests.swift in Sources */ = {isa = PBXBuildFile; fileRef = 033DC39E28CE798F003D4050 /* FlixTests.swift */; };
		033DC3A928CE798F003D4050 /* FlixUITests.swift in Sources */ = {isa = PBXBuildFile; fileRef = 033DC3A828CE798F003D4050 /* FlixUITests.swift */; };
		033DC3AB28CE798F003D4050 /* FlixUITestsLaunchTests.swift in Sources */ = {isa = PBXBuildFile; fileRef = 033DC3AA28CE798F003D4050 /* FlixUITestsLaunchTests.swift */; };
		03931E0828CE904D00FFBB76 /* MovieCell.swift in Sources */ = {isa = PBXBuildFile; fileRef = 03931E0728CE904D00FFBB76 /* MovieCell.swift */; };
		32D04A323686267279AFE1B5 /* Pods_FlixTests.framework in Frameworks */ = {isa = PBXBuildFile; fileRef = 5ED34B80DE19A9FFA8B1D718 /* Pods_FlixTests.framework */; };
		E0EF364AD3CF25184B4BAF5D /* Pods_Flix.framework in Frameworks */ = {isa = PBXBuildFile; fileRef = EB36C6CA1DF676744236260F /* Pods_Flix.framework */; };
		FFC7F25C89073BED71084E49 /* Pods_Flix_FlixUITests.framework in Frameworks */ = {isa = PBXBuildFile; fileRef = A489614F1BA5FCF6F5AE6882 /* Pods_Flix_FlixUITests.framework */; };
/* End PBXBuildFile section */

/* Begin PBXContainerItemProxy section */
		033DC39B28CE798F003D4050 /* PBXContainerItemProxy */ = {
			isa = PBXContainerItemProxy;
			containerPortal = 033DC37C28CE798E003D4050 /* Project object */;
			proxyType = 1;
			remoteGlobalIDString = 033DC38328CE798E003D4050;
			remoteInfo = Flix;
		};
		033DC3A528CE798F003D4050 /* PBXContainerItemProxy */ = {
			isa = PBXContainerItemProxy;
			containerPortal = 033DC37C28CE798E003D4050 /* Project object */;
			proxyType = 1;
			remoteGlobalIDString = 033DC38328CE798E003D4050;
			remoteInfo = Flix;
		};
/* End PBXContainerItemProxy section */

/* Begin PBXFileReference section */
		033DC38428CE798E003D4050 /* Flix.app */ = {isa = PBXFileReference; explicitFileType = wrapper.application; includeInIndex = 0; path = Flix.app; sourceTree = BUILT_PRODUCTS_DIR; };
		033DC38728CE798E003D4050 /* AppDelegate.swift */ = {isa = PBXFileReference; lastKnownFileType = sourcecode.swift; path = AppDelegate.swift; sourceTree = "<group>"; };
		033DC38928CE798E003D4050 /* SceneDelegate.swift */ = {isa = PBXFileReference; lastKnownFileType = sourcecode.swift; path = SceneDelegate.swift; sourceTree = "<group>"; };
		033DC38B28CE798E003D4050 /* ViewController.swift */ = {isa = PBXFileReference; lastKnownFileType = sourcecode.swift; path = ViewController.swift; sourceTree = "<group>"; };
		033DC38E28CE798E003D4050 /* Base */ = {isa = PBXFileReference; lastKnownFileType = file.storyboard; name = Base; path = Base.lproj/Main.storyboard; sourceTree = "<group>"; };
		033DC39028CE798E003D4050 /* Assets.xcassets */ = {isa = PBXFileReference; lastKnownFileType = folder.assetcatalog; path = Assets.xcassets; sourceTree = "<group>"; };
		033DC39328CE798E003D4050 /* Base */ = {isa = PBXFileReference; lastKnownFileType = file.storyboard; name = Base; path = Base.lproj/LaunchScreen.storyboard; sourceTree = "<group>"; };
		033DC39528CE798E003D4050 /* Info.plist */ = {isa = PBXFileReference; lastKnownFileType = text.plist.xml; path = Info.plist; sourceTree = "<group>"; };
		033DC39A28CE798F003D4050 /* FlixTests.xctest */ = {isa = PBXFileReference; explicitFileType = wrapper.cfbundle; includeInIndex = 0; path = FlixTests.xctest; sourceTree = BUILT_PRODUCTS_DIR; };
		033DC39E28CE798F003D4050 /* FlixTests.swift */ = {isa = PBXFileReference; lastKnownFileType = sourcecode.swift; path = FlixTests.swift; sourceTree = "<group>"; };
		033DC3A428CE798F003D4050 /* FlixUITests.xctest */ = {isa = PBXFileReference; explicitFileType = wrapper.cfbundle; includeInIndex = 0; path = FlixUITests.xctest; sourceTree = BUILT_PRODUCTS_DIR; };
		033DC3A828CE798F003D4050 /* FlixUITests.swift */ = {isa = PBXFileReference; lastKnownFileType = sourcecode.swift; path = FlixUITests.swift; sourceTree = "<group>"; };
		033DC3AA28CE798F003D4050 /* FlixUITestsLaunchTests.swift */ = {isa = PBXFileReference; lastKnownFileType = sourcecode.swift; path = FlixUITestsLaunchTests.swift; sourceTree = "<group>"; };
		03931E0728CE904D00FFBB76 /* MovieCell.swift */ = {isa = PBXFileReference; lastKnownFileType = sourcecode.swift; path = MovieCell.swift; sourceTree = "<group>"; };
		16CA7CB80CFE56A4D891A6FF /* Pods-FlixTests.release.xcconfig */ = {isa = PBXFileReference; includeInIndex = 1; lastKnownFileType = text.xcconfig; name = "Pods-FlixTests.release.xcconfig"; path = "Target Support Files/Pods-FlixTests/Pods-FlixTests.release.xcconfig"; sourceTree = "<group>"; };
		498EE9D73CDF4CDBC90063AD /* Pods-Flix-FlixUITests.debug.xcconfig */ = {isa = PBXFileReference; includeInIndex = 1; lastKnownFileType = text.xcconfig; name = "Pods-Flix-FlixUITests.debug.xcconfig"; path = "Target Support Files/Pods-Flix-FlixUITests/Pods-Flix-FlixUITests.debug.xcconfig"; sourceTree = "<group>"; };
		5ED34B80DE19A9FFA8B1D718 /* Pods_FlixTests.framework */ = {isa = PBXFileReference; explicitFileType = wrapper.framework; includeInIndex = 0; path = Pods_FlixTests.framework; sourceTree = BUILT_PRODUCTS_DIR; };
		9AE4885A5D36EE950E0D6128 /* Pods-Flix.release.xcconfig */ = {isa = PBXFileReference; includeInIndex = 1; lastKnownFileType = text.xcconfig; name = "Pods-Flix.release.xcconfig"; path = "Target Support Files/Pods-Flix/Pods-Flix.release.xcconfig"; sourceTree = "<group>"; };
		A489614F1BA5FCF6F5AE6882 /* Pods_Flix_FlixUITests.framework */ = {isa = PBXFileReference; explicitFileType = wrapper.framework; includeInIndex = 0; path = Pods_Flix_FlixUITests.framework; sourceTree = BUILT_PRODUCTS_DIR; };
		D7C5C25F65570BF260B13745 /* Pods-Flix-FlixUITests.release.xcconfig */ = {isa = PBXFileReference; includeInIndex = 1; lastKnownFileType = text.xcconfig; name = "Pods-Flix-FlixUITests.release.xcconfig"; path = "Target Support Files/Pods-Flix-FlixUITests/Pods-Flix-FlixUITests.release.xcconfig"; sourceTree = "<group>"; };
		D7D85BF84A65B7E6BD3C4421 /* Pods-Flix.debug.xcconfig */ = {isa = PBXFileReference; includeInIndex = 1; lastKnownFileType = text.xcconfig; name = "Pods-Flix.debug.xcconfig"; path = "Target Support Files/Pods-Flix/Pods-Flix.debug.xcconfig"; sourceTree = "<group>"; };
		E2A3F9786F67C17C08EA40D0 /* Pods-FlixTests.debug.xcconfig */ = {isa = PBXFileReference; includeInIndex = 1; lastKnownFileType = text.xcconfig; name = "Pods-FlixTests.debug.xcconfig"; path = "Target Support Files/Pods-FlixTests/Pods-FlixTests.debug.xcconfig"; sourceTree = "<group>"; };
		EB36C6CA1DF676744236260F /* Pods_Flix.framework */ = {isa = PBXFileReference; explicitFileType = wrapper.framework; includeInIndex = 0; path = Pods_Flix.framework; sourceTree = BUILT_PRODUCTS_DIR; };
/* End PBXFileReference section */

/* Begin PBXFrameworksBuildPhase section */
		033DC38128CE798E003D4050 /* Frameworks */ = {
			isa = PBXFrameworksBuildPhase;
			buildActionMask = 2147483647;
			files = (
				E0EF364AD3CF25184B4BAF5D /* Pods_Flix.framework in Frameworks */,
			);
			runOnlyForDeploymentPostprocessing = 0;
		};
		033DC39728CE798F003D4050 /* Frameworks */ = {
			isa = PBXFrameworksBuildPhase;
			buildActionMask = 2147483647;
			files = (
				32D04A323686267279AFE1B5 /* Pods_FlixTests.framework in Frameworks */,
			);
			runOnlyForDeploymentPostprocessing = 0;
		};
		033DC3A128CE798F003D4050 /* Frameworks */ = {
			isa = PBXFrameworksBuildPhase;
			buildActionMask = 2147483647;
			files = (
				FFC7F25C89073BED71084E49 /* Pods_Flix_FlixUITests.framework in Frameworks */,
			);
			runOnlyForDeploymentPostprocessing = 0;
		};
/* End PBXFrameworksBuildPhase section */

/* Begin PBXGroup section */
		033DC37B28CE798E003D4050 = {
			isa = PBXGroup;
			children = (
				033DC38628CE798E003D4050 /* Flix */,
				033DC39D28CE798F003D4050 /* FlixTests */,
				033DC3A728CE798F003D4050 /* FlixUITests */,
				033DC38528CE798E003D4050 /* Products */,
				7B8B9533CF7E65064BE3DACC /* Pods */,
				8B8E3363FAB15D4AA19FD4AE /* Frameworks */,
			);
			sourceTree = "<group>";
		};
		033DC38528CE798E003D4050 /* Products */ = {
			isa = PBXGroup;
			children = (
				033DC38428CE798E003D4050 /* Flix.app */,
				033DC39A28CE798F003D4050 /* FlixTests.xctest */,
				033DC3A428CE798F003D4050 /* FlixUITests.xctest */,
			);
			name = Products;
			sourceTree = "<group>";
		};
		033DC38628CE798E003D4050 /* Flix */ = {
			isa = PBXGroup;
			children = (
				03931E0728CE904D00FFBB76 /* MovieCell.swift */,
				033DC38728CE798E003D4050 /* AppDelegate.swift */,
				033DC38928CE798E003D4050 /* SceneDelegate.swift */,
				033DC38B28CE798E003D4050 /* ViewController.swift */,
				033DC38D28CE798E003D4050 /* Main.storyboard */,
				033DC39028CE798E003D4050 /* Assets.xcassets */,
				033DC39228CE798E003D4050 /* LaunchScreen.storyboard */,
				033DC39528CE798E003D4050 /* Info.plist */,
			);
			path = Flix;
			sourceTree = "<group>";
		};
		033DC39D28CE798F003D4050 /* FlixTests */ = {
			isa = PBXGroup;
			children = (
				033DC39E28CE798F003D4050 /* FlixTests.swift */,
			);
			path = FlixTests;
			sourceTree = "<group>";
		};
		033DC3A728CE798F003D4050 /* FlixUITests */ = {
			isa = PBXGroup;
			children = (
				033DC3A828CE798F003D4050 /* FlixUITests.swift */,
				033DC3AA28CE798F003D4050 /* FlixUITestsLaunchTests.swift */,
			);
			path = FlixUITests;
			sourceTree = "<group>";
		};
		7B8B9533CF7E65064BE3DACC /* Pods */ = {
			isa = PBXGroup;
			children = (
				D7D85BF84A65B7E6BD3C4421 /* Pods-Flix.debug.xcconfig */,
				9AE4885A5D36EE950E0D6128 /* Pods-Flix.release.xcconfig */,
				498EE9D73CDF4CDBC90063AD /* Pods-Flix-FlixUITests.debug.xcconfig */,
				D7C5C25F65570BF260B13745 /* Pods-Flix-FlixUITests.release.xcconfig */,
				E2A3F9786F67C17C08EA40D0 /* Pods-FlixTests.debug.xcconfig */,
				16CA7CB80CFE56A4D891A6FF /* Pods-FlixTests.release.xcconfig */,
			);
			name = Pods;
			path = Pods;
			sourceTree = "<group>";
		};
		8B8E3363FAB15D4AA19FD4AE /* Frameworks */ = {
			isa = PBXGroup;
			children = (
				EB36C6CA1DF676744236260F /* Pods_Flix.framework */,
				A489614F1BA5FCF6F5AE6882 /* Pods_Flix_FlixUITests.framework */,
				5ED34B80DE19A9FFA8B1D718 /* Pods_FlixTests.framework */,
			);
			name = Frameworks;
			sourceTree = "<group>";
		};
/* End PBXGroup section */

/* Begin PBXNativeTarget section */
		033DC38328CE798E003D4050 /* Flix */ = {
			isa = PBXNativeTarget;
			buildConfigurationList = 033DC3AE28CE798F003D4050 /* Build configuration list for PBXNativeTarget "Flix" */;
			buildPhases = (
				49641AF77E9A1F5BBA2CB848 /* [CP] Check Pods Manifest.lock */,
				033DC38028CE798E003D4050 /* Sources */,
				033DC38128CE798E003D4050 /* Frameworks */,
				033DC38228CE798E003D4050 /* Resources */,
				92FF73BDCBA2A6EA5801E281 /* [CP] Embed Pods Frameworks */,
			);
			buildRules = (
			);
			dependencies = (
			);
			name = Flix;
			productName = Flix;
			productReference = 033DC38428CE798E003D4050 /* Flix.app */;
			productType = "com.apple.product-type.application";
		};
		033DC39928CE798F003D4050 /* FlixTests */ = {
			isa = PBXNativeTarget;
			buildConfigurationList = 033DC3B128CE798F003D4050 /* Build configuration list for PBXNativeTarget "FlixTests" */;
			buildPhases = (
				4A0751F4833391121C3597C5 /* [CP] Check Pods Manifest.lock */,
				033DC39628CE798F003D4050 /* Sources */,
				033DC39728CE798F003D4050 /* Frameworks */,
				033DC39828CE798F003D4050 /* Resources */,
			);
			buildRules = (
			);
			dependencies = (
				033DC39C28CE798F003D4050 /* PBXTargetDependency */,
			);
			name = FlixTests;
			productName = FlixTests;
			productReference = 033DC39A28CE798F003D4050 /* FlixTests.xctest */;
			productType = "com.apple.product-type.bundle.unit-test";
		};
		033DC3A328CE798F003D4050 /* FlixUITests */ = {
			isa = PBXNativeTarget;
			buildConfigurationList = 033DC3B428CE798F003D4050 /* Build configuration list for PBXNativeTarget "FlixUITests" */;
			buildPhases = (
				451E4E9AB9812C9F2C515E28 /* [CP] Check Pods Manifest.lock */,
				033DC3A028CE798F003D4050 /* Sources */,
				033DC3A128CE798F003D4050 /* Frameworks */,
				033DC3A228CE798F003D4050 /* Resources */,
				014517FB52FC1605CF1163B0 /* [CP] Embed Pods Frameworks */,
			);
			buildRules = (
			);
			dependencies = (
				033DC3A628CE798F003D4050 /* PBXTargetDependency */,
			);
			name = FlixUITests;
			productName = FlixUITests;
			productReference = 033DC3A428CE798F003D4050 /* FlixUITests.xctest */;
			productType = "com.apple.product-type.bundle.ui-testing";
		};
/* End PBXNativeTarget section */

/* Begin PBXProject section */
		033DC37C28CE798E003D4050 /* Project object */ = {
			isa = PBXProject;
			attributes = {
				BuildIndependentTargetsInParallel = 1;
				LastSwiftUpdateCheck = 1340;
				LastUpgradeCheck = 1340;
				TargetAttributes = {
					033DC38328CE798E003D4050 = {
						CreatedOnToolsVersion = 13.4.1;
					};
					033DC39928CE798F003D4050 = {
						CreatedOnToolsVersion = 13.4.1;
						TestTargetID = 033DC38328CE798E003D4050;
					};
					033DC3A328CE798F003D4050 = {
						CreatedOnToolsVersion = 13.4.1;
						TestTargetID = 033DC38328CE798E003D4050;
					};
				};
			};
			buildConfigurationList = 033DC37F28CE798E003D4050 /* Build configuration list for PBXProject "Flix" */;
			compatibilityVersion = "Xcode 13.0";
			developmentRegion = en;
			hasScannedForEncodings = 0;
			knownRegions = (
				en,
				Base,
			);
			mainGroup = 033DC37B28CE798E003D4050;
			productRefGroup = 033DC38528CE798E003D4050 /* Products */;
			projectDirPath = "";
			projectRoot = "";
			targets = (
				033DC38328CE798E003D4050 /* Flix */,
				033DC39928CE798F003D4050 /* FlixTests */,
				033DC3A328CE798F003D4050 /* FlixUITests */,
			);
		};
/* End PBXProject section */

/* Begin PBXResourcesBuildPhase section */
		033DC38228CE798E003D4050 /* Resources */ = {
			isa = PBXResourcesBuildPhase;
			buildActionMask = 2147483647;
			files = (
				033DC39428CE798E003D4050 /* LaunchScreen.storyboard in Resources */,
				033DC39128CE798E003D4050 /* Assets.xcassets in Resources */,
				033DC38F28CE798E003D4050 /* Main.storyboard in Resources */,
			);
			runOnlyForDeploymentPostprocessing = 0;
		};
		033DC39828CE798F003D4050 /* Resources */ = {
			isa = PBXResourcesBuildPhase;
			buildActionMask = 2147483647;
			files = (
			);
			runOnlyForDeploymentPostprocessing = 0;
		};
		033DC3A228CE798F003D4050 /* Resources */ = {
			isa = PBXResourcesBuildPhase;
			buildActionMask = 2147483647;
			files = (
			);
			runOnlyForDeploymentPostprocessing = 0;
		};
/* End PBXResourcesBuildPhase section */

/* Begin PBXShellScriptBuildPhase section */
		014517FB52FC1605CF1163B0 /* [CP] Embed Pods Frameworks */ = {
			isa = PBXShellScriptBuildPhase;
			buildActionMask = 2147483647;
			files = (
			);
			inputFileListPaths = (
				"${PODS_ROOT}/Target Support Files/Pods-Flix-FlixUITests/Pods-Flix-FlixUITests-frameworks-${CONFIGURATION}-input-files.xcfilelist",
			);
			name = "[CP] Embed Pods Frameworks";
			outputFileListPaths = (
				"${PODS_ROOT}/Target Support Files/Pods-Flix-FlixUITests/Pods-Flix-FlixUITests-frameworks-${CONFIGURATION}-output-files.xcfilelist",
			);
			runOnlyForDeploymentPostprocessing = 0;
			shellPath = /bin/sh;
			shellScript = "\"${PODS_ROOT}/Target Support Files/Pods-Flix-FlixUITests/Pods-Flix-FlixUITests-frameworks.sh\"\n";
			showEnvVarsInLog = 0;
		};
		451E4E9AB9812C9F2C515E28 /* [CP] Check Pods Manifest.lock */ = {
			isa = PBXShellScriptBuildPhase;
			buildActionMask = 2147483647;
			files = (
			);
			inputFileListPaths = (
			);
			inputPaths = (
				"${PODS_PODFILE_DIR_PATH}/Podfile.lock",
				"${PODS_ROOT}/Manifest.lock",
			);
			name = "[CP] Check Pods Manifest.lock";
			outputFileListPaths = (
			);
			outputPaths = (
				"$(DERIVED_FILE_DIR)/Pods-Flix-FlixUITests-checkManifestLockResult.txt",
			);
			runOnlyForDeploymentPostprocessing = 0;
			shellPath = /bin/sh;
			shellScript = "diff \"${PODS_PODFILE_DIR_PATH}/Podfile.lock\" \"${PODS_ROOT}/Manifest.lock\" > /dev/null\nif [ $? != 0 ] ; then\n    # print error to STDERR\n    echo \"error: The sandbox is not in sync with the Podfile.lock. Run 'pod install' or update your CocoaPods installation.\" >&2\n    exit 1\nfi\n# This output is used by Xcode 'outputs' to avoid re-running this script phase.\necho \"SUCCESS\" > \"${SCRIPT_OUTPUT_FILE_0}\"\n";
			showEnvVarsInLog = 0;
		};
		49641AF77E9A1F5BBA2CB848 /* [CP] Check Pods Manifest.lock */ = {
			isa = PBXShellScriptBuildPhase;
			buildActionMask = 2147483647;
			files = (
			);
			inputFileListPaths = (
			);
			inputPaths = (
				"${PODS_PODFILE_DIR_PATH}/Podfile.lock",
				"${PODS_ROOT}/Manifest.lock",
			);
			name = "[CP] Check Pods Manifest.lock";
			outputFileListPaths = (
			);
			outputPaths = (
				"$(DERIVED_FILE_DIR)/Pods-Flix-checkManifestLockResult.txt",
			);
			runOnlyForDeploymentPostprocessing = 0;
			shellPath = /bin/sh;
			shellScript = "diff \"${PODS_PODFILE_DIR_PATH}/Podfile.lock\" \"${PODS_ROOT}/Manifest.lock\" > /dev/null\nif [ $? != 0 ] ; then\n    # print error to STDERR\n    echo \"error: The sandbox is not in sync with the Podfile.lock. Run 'pod install' or update your CocoaPods installation.\" >&2\n    exit 1\nfi\n# This output is used by Xcode 'outputs' to avoid re-running this script phase.\necho \"SUCCESS\" > \"${SCRIPT_OUTPUT_FILE_0}\"\n";
			showEnvVarsInLog = 0;
		};
		4A0751F4833391121C3597C5 /* [CP] Check Pods Manifest.lock */ = {
			isa = PBXShellScriptBuildPhase;
			buildActionMask = 2147483647;
			files = (
			);
			inputFileListPaths = (
			);
			inputPaths = (
				"${PODS_PODFILE_DIR_PATH}/Podfile.lock",
				"${PODS_ROOT}/Manifest.lock",
			);
			name = "[CP] Check Pods Manifest.lock";
			outputFileListPaths = (
			);
			outputPaths = (
				"$(DERIVED_FILE_DIR)/Pods-FlixTests-checkManifestLockResult.txt",
			);
			runOnlyForDeploymentPostprocessing = 0;
			shellPath = /bin/sh;
			shellScript = "diff \"${PODS_PODFILE_DIR_PATH}/Podfile.lock\" \"${PODS_ROOT}/Manifest.lock\" > /dev/null\nif [ $? != 0 ] ; then\n    # print error to STDERR\n    echo \"error: The sandbox is not in sync with the Podfile.lock. Run 'pod install' or update your CocoaPods installation.\" >&2\n    exit 1\nfi\n# This output is used by Xcode 'outputs' to avoid re-running this script phase.\necho \"SUCCESS\" > \"${SCRIPT_OUTPUT_FILE_0}\"\n";
			showEnvVarsInLog = 0;
		};
		92FF73BDCBA2A6EA5801E281 /* [CP] Embed Pods Frameworks */ = {
			isa = PBXShellScriptBuildPhase;
			buildActionMask = 2147483647;
			files = (
			);
			inputFileListPaths = (
				"${PODS_ROOT}/Target Support Files/Pods-Flix/Pods-Flix-frameworks-${CONFIGURATION}-input-files.xcfilelist",
			);
			name = "[CP] Embed Pods Frameworks";
			outputFileListPaths = (
				"${PODS_ROOT}/Target Support Files/Pods-Flix/Pods-Flix-frameworks-${CONFIGURATION}-output-files.xcfilelist",
			);
			runOnlyForDeploymentPostprocessing = 0;
			shellPath = /bin/sh;
			shellScript = "\"${PODS_ROOT}/Target Support Files/Pods-Flix/Pods-Flix-frameworks.sh\"\n";
			showEnvVarsInLog = 0;
		};
/* End PBXShellScriptBuildPhase section */

/* Begin PBXSourcesBuildPhase section */
		033DC38028CE798E003D4050 /* Sources */ = {
			isa = PBXSourcesBuildPhase;
			buildActionMask = 2147483647;
			files = (
				033DC38C28CE798E003D4050 /* ViewController.swift in Sources */,
				033DC38828CE798E003D4050 /* AppDelegate.swift in Sources */,
				03931E0828CE904D00FFBB76 /* MovieCell.swift in Sources */,
				033DC38A28CE798E003D4050 /* SceneDelegate.swift in Sources */,
			);
			runOnlyForDeploymentPostprocessing = 0;
		};
		033DC39628CE798F003D4050 /* Sources */ = {
			isa = PBXSourcesBuildPhase;
			buildActionMask = 2147483647;
			files = (
				033DC39F28CE798F003D4050 /* FlixTests.swift in Sources */,
			);
			runOnlyForDeploymentPostprocessing = 0;
		};
		033DC3A028CE798F003D4050 /* Sources */ = {
			isa = PBXSourcesBuildPhase;
			buildActionMask = 2147483647;
			files = (
				033DC3A928CE798F003D4050 /* FlixUITests.swift in Sources */,
				033DC3AB28CE798F003D4050 /* FlixUITestsLaunchTests.swift in Sources */,
			);
			runOnlyForDeploymentPostprocessing = 0;
		};
/* End PBXSourcesBuildPhase section */

/* Begin PBXTargetDependency section */
		033DC39C28CE798F003D4050 /* PBXTargetDependency */ = {
			isa = PBXTargetDependency;
			target = 033DC38328CE798E003D4050 /* Flix */;
			targetProxy = 033DC39B28CE798F003D4050 /* PBXContainerItemProxy */;
		};
		033DC3A628CE798F003D4050 /* PBXTargetDependency */ = {
			isa = PBXTargetDependency;
			target = 033DC38328CE798E003D4050 /* Flix */;
			targetProxy = 033DC3A528CE798F003D4050 /* PBXContainerItemProxy */;
		};
/* End PBXTargetDependency section */

/* Begin PBXVariantGroup section */
		033DC38D28CE798E003D4050 /* Main.storyboard */ = {
			isa = PBXVariantGroup;
			children = (
				033DC38E28CE798E003D4050 /* Base */,
			);
			name = Main.storyboard;
			sourceTree = "<group>";
		};
		033DC39228CE798E003D4050 /* LaunchScreen.storyboard */ = {
			isa = PBXVariantGroup;
			children = (
				033DC39328CE798E003D4050 /* Base */,
			);
			name = LaunchScreen.storyboard;
			sourceTree = "<group>";
		};
/* End PBXVariantGroup section */

/* Begin XCBuildConfiguration section */
		033DC3AC28CE798F003D4050 /* Debug */ = {
			isa = XCBuildConfiguration;
			buildSettings = {
				ALWAYS_SEARCH_USER_PATHS = NO;
				CLANG_ANALYZER_NONNULL = YES;
				CLANG_ANALYZER_NUMBER_OBJECT_CONVERSION = YES_AGGRESSIVE;
				CLANG_CXX_LANGUAGE_STANDARD = "gnu++17";
				CLANG_ENABLE_MODULES = YES;
				CLANG_ENABLE_OBJC_ARC = YES;
				CLANG_ENABLE_OBJC_WEAK = YES;
				CLANG_WARN_BLOCK_CAPTURE_AUTORELEASING = YES;
				CLANG_WARN_BOOL_CONVERSION = YES;
				CLANG_WARN_COMMA = YES;
				CLANG_WARN_CONSTANT_CONVERSION = YES;
				CLANG_WARN_DEPRECATED_OBJC_IMPLEMENTATIONS = YES;
				CLANG_WARN_DIRECT_OBJC_ISA_USAGE = YES_ERROR;
				CLANG_WARN_DOCUMENTATION_COMMENTS = YES;
				CLANG_WARN_EMPTY_BODY = YES;
				CLANG_WARN_ENUM_CONVERSION = YES;
				CLANG_WARN_INFINITE_RECURSION = YES;
				CLANG_WARN_INT_CONVERSION = YES;
				CLANG_WARN_NON_LITERAL_NULL_CONVERSION = YES;
				CLANG_WARN_OBJC_IMPLICIT_RETAIN_SELF = YES;
				CLANG_WARN_OBJC_LITERAL_CONVERSION = YES;
				CLANG_WARN_OBJC_ROOT_CLASS = YES_ERROR;
				CLANG_WARN_QUOTED_INCLUDE_IN_FRAMEWORK_HEADER = YES;
				CLANG_WARN_RANGE_LOOP_ANALYSIS = YES;
				CLANG_WARN_STRICT_PROTOTYPES = YES;
				CLANG_WARN_SUSPICIOUS_MOVE = YES;
				CLANG_WARN_UNGUARDED_AVAILABILITY = YES_AGGRESSIVE;
				CLANG_WARN_UNREACHABLE_CODE = YES;
				CLANG_WARN__DUPLICATE_METHOD_MATCH = YES;
				COPY_PHASE_STRIP = NO;
				DEBUG_INFORMATION_FORMAT = dwarf;
				ENABLE_STRICT_OBJC_MSGSEND = YES;
				ENABLE_TESTABILITY = YES;
				GCC_C_LANGUAGE_STANDARD = gnu11;
				GCC_DYNAMIC_NO_PIC = NO;
				GCC_NO_COMMON_BLOCKS = YES;
				GCC_OPTIMIZATION_LEVEL = 0;
				GCC_PREPROCESSOR_DEFINITIONS = (
					"DEBUG=1",
					"$(inherited)",
				);
				GCC_WARN_64_TO_32_BIT_CONVERSION = YES;
				GCC_WARN_ABOUT_RETURN_TYPE = YES_ERROR;
				GCC_WARN_UNDECLARED_SELECTOR = YES;
				GCC_WARN_UNINITIALIZED_AUTOS = YES_AGGRESSIVE;
				GCC_WARN_UNUSED_FUNCTION = YES;
				GCC_WARN_UNUSED_VARIABLE = YES;
				IPHONEOS_DEPLOYMENT_TARGET = 15.5;
				MTL_ENABLE_DEBUG_INFO = INCLUDE_SOURCE;
				MTL_FAST_MATH = YES;
				ONLY_ACTIVE_ARCH = YES;
				SDKROOT = iphoneos;
				SWIFT_ACTIVE_COMPILATION_CONDITIONS = DEBUG;
				SWIFT_OPTIMIZATION_LEVEL = "-Onone";
			};
			name = Debug;
		};
		033DC3AD28CE798F003D4050 /* Release */ = {
			isa = XCBuildConfiguration;
			buildSettings = {
				ALWAYS_SEARCH_USER_PATHS = NO;
				CLANG_ANALYZER_NONNULL = YES;
				CLANG_ANALYZER_NUMBER_OBJECT_CONVERSION = YES_AGGRESSIVE;
				CLANG_CXX_LANGUAGE_STANDARD = "gnu++17";
				CLANG_ENABLE_MODULES = YES;
				CLANG_ENABLE_OBJC_ARC = YES;
				CLANG_ENABLE_OBJC_WEAK = YES;
				CLANG_WARN_BLOCK_CAPTURE_AUTORELEASING = YES;
				CLANG_WARN_BOOL_CONVERSION = YES;
				CLANG_WARN_COMMA = YES;
				CLANG_WARN_CONSTANT_CONVERSION = YES;
				CLANG_WARN_DEPRECATED_OBJC_IMPLEMENTATIONS = YES;
				CLANG_WARN_DIRECT_OBJC_ISA_USAGE = YES_ERROR;
				CLANG_WARN_DOCUMENTATION_COMMENTS = YES;
				CLANG_WARN_EMPTY_BODY = YES;
				CLANG_WARN_ENUM_CONVERSION = YES;
				CLANG_WARN_INFINITE_RECURSION = YES;
				CLANG_WARN_INT_CONVERSION = YES;
				CLANG_WARN_NON_LITERAL_NULL_CONVERSION = YES;
				CLANG_WARN_OBJC_IMPLICIT_RETAIN_SELF = YES;
				CLANG_WARN_OBJC_LITERAL_CONVERSION = YES;
				CLANG_WARN_OBJC_ROOT_CLASS = YES_ERROR;
				CLANG_WARN_QUOTED_INCLUDE_IN_FRAMEWORK_HEADER = YES;
				CLANG_WARN_RANGE_LOOP_ANALYSIS = YES;
				CLANG_WARN_STRICT_PROTOTYPES = YES;
				CLANG_WARN_SUSPICIOUS_MOVE = YES;
				CLANG_WARN_UNGUARDED_AVAILABILITY = YES_AGGRESSIVE;
				CLANG_WARN_UNREACHABLE_CODE = YES;
				CLANG_WARN__DUPLICATE_METHOD_MATCH = YES;
				COPY_PHASE_STRIP = NO;
				DEBUG_INFORMATION_FORMAT = "dwarf-with-dsym";
				ENABLE_NS_ASSERTIONS = NO;
				ENABLE_STRICT_OBJC_MSGSEND = YES;
				GCC_C_LANGUAGE_STANDARD = gnu11;
				GCC_NO_COMMON_BLOCKS = YES;
				GCC_WARN_64_TO_32_BIT_CONVERSION = YES;
				GCC_WARN_ABOUT_RETURN_TYPE = YES_ERROR;
				GCC_WARN_UNDECLARED_SELECTOR = YES;
				GCC_WARN_UNINITIALIZED_AUTOS = YES_AGGRESSIVE;
				GCC_WARN_UNUSED_FUNCTION = YES;
				GCC_WARN_UNUSED_VARIABLE = YES;
				IPHONEOS_DEPLOYMENT_TARGET = 15.5;
				MTL_ENABLE_DEBUG_INFO = NO;
				MTL_FAST_MATH = YES;
				SDKROOT = iphoneos;
				SWIFT_COMPILATION_MODE = wholemodule;
				SWIFT_OPTIMIZATION_LEVEL = "-O";
				VALIDATE_PRODUCT = YES;
			};
			name = Release;
		};
		033DC3AF28CE798F003D4050 /* Debug */ = {
			isa = XCBuildConfiguration;
			baseConfigurationReference = D7D85BF84A65B7E6BD3C4421 /* Pods-Flix.debug.xcconfig */;
			buildSettings = {
				ASSETCATALOG_COMPILER_APPICON_NAME = AppIcon;
				ASSETCATALOG_COMPILER_GLOBAL_ACCENT_COLOR_NAME = AccentColor;
				CODE_SIGN_STYLE = Automatic;
				CURRENT_PROJECT_VERSION = 1;
				GENERATE_INFOPLIST_FILE = YES;
				INFOPLIST_FILE = Flix/Info.plist;
				INFOPLIST_KEY_UIApplicationSupportsIndirectInputEvents = YES;
				INFOPLIST_KEY_UILaunchStoryboardName = LaunchScreen;
				INFOPLIST_KEY_UIMainStoryboardFile = Main;
				INFOPLIST_KEY_UISupportedInterfaceOrientations_iPad = "UIInterfaceOrientationPortrait UIInterfaceOrientationPortraitUpsideDown UIInterfaceOrientationLandscapeLeft UIInterfaceOrientationLandscapeRight";
				INFOPLIST_KEY_UISupportedInterfaceOrientations_iPhone = "UIInterfaceOrientationPortrait UIInterfaceOrientationLandscapeLeft UIInterfaceOrientationLandscapeRight";
				LD_RUNPATH_SEARCH_PATHS = (
					"$(inherited)",
					"@executable_path/Frameworks",
				);
				MARKETING_VERSION = 1.0;
				PRODUCT_BUNDLE_IDENTIFIER = ios.rw.fiu.edu.Flix;
				PRODUCT_NAME = "$(TARGET_NAME)";
				SWIFT_EMIT_LOC_STRINGS = YES;
				SWIFT_VERSION = 5.0;
				TARGETED_DEVICE_FAMILY = "1,2";
			};
			name = Debug;
		};
		033DC3B028CE798F003D4050 /* Release */ = {
			isa = XCBuildConfiguration;
			baseConfigurationReference = 9AE4885A5D36EE950E0D6128 /* Pods-Flix.release.xcconfig */;
			buildSettings = {
				ASSETCATALOG_COMPILER_APPICON_NAME = AppIcon;
				ASSETCATALOG_COMPILER_GLOBAL_ACCENT_COLOR_NAME = AccentColor;
				CODE_SIGN_STYLE = Automatic;
				CURRENT_PROJECT_VERSION = 1;
				GENERATE_INFOPLIST_FILE = YES;
				INFOPLIST_FILE = Flix/Info.plist;
				INFOPLIST_KEY_UIApplicationSupportsIndirectInputEvents = YES;
				INFOPLIST_KEY_UILaunchStoryboardName = LaunchScreen;
				INFOPLIST_KEY_UIMainStoryboardFile = Main;
				INFOPLIST_KEY_UISupportedInterfaceOrientations_iPad = "UIInterfaceOrientationPortrait UIInterfaceOrientationPortraitUpsideDown UIInterfaceOrientationLandscapeLeft UIInterfaceOrientationLandscapeRight";
				INFOPLIST_KEY_UISupportedInterfaceOrientations_iPhone = "UIInterfaceOrientationPortrait UIInterfaceOrientationLandscapeLeft UIInterfaceOrientationLandscapeRight";
				LD_RUNPATH_SEARCH_PATHS = (
					"$(inherited)",
					"@executable_path/Frameworks",
				);
				MARKETING_VERSION = 1.0;
				PRODUCT_BUNDLE_IDENTIFIER = ios.rw.fiu.edu.Flix;
				PRODUCT_NAME = "$(TARGET_NAME)";
				SWIFT_EMIT_LOC_STRINGS = YES;
				SWIFT_VERSION = 5.0;
				TARGETED_DEVICE_FAMILY = "1,2";
			};
			name = Release;
		};
		033DC3B228CE798F003D4050 /* Debug */ = {
			isa = XCBuildConfiguration;
			baseConfigurationReference = E2A3F9786F67C17C08EA40D0 /* Pods-FlixTests.debug.xcconfig */;
			buildSettings = {
				ALWAYS_EMBED_SWIFT_STANDARD_LIBRARIES = YES;
				BUNDLE_LOADER = "$(TEST_HOST)";
				CODE_SIGN_STYLE = Automatic;
				CURRENT_PROJECT_VERSION = 1;
				GENERATE_INFOPLIST_FILE = YES;
				IPHONEOS_DEPLOYMENT_TARGET = 15.5;
				MARKETING_VERSION = 1.0;
				PRODUCT_BUNDLE_IDENTIFIER = ios.rw.fiu.edu.FlixTests;
				PRODUCT_NAME = "$(TARGET_NAME)";
				SWIFT_EMIT_LOC_STRINGS = NO;
				SWIFT_VERSION = 5.0;
				TARGETED_DEVICE_FAMILY = "1,2";
				TEST_HOST = "$(BUILT_PRODUCTS_DIR)/Flix.app/Flix";
			};
			name = Debug;
		};
		033DC3B328CE798F003D4050 /* Release */ = {
			isa = XCBuildConfiguration;
			baseConfigurationReference = 16CA7CB80CFE56A4D891A6FF /* Pods-FlixTests.release.xcconfig */;
			buildSettings = {
				ALWAYS_EMBED_SWIFT_STANDARD_LIBRARIES = YES;
				BUNDLE_LOADER = "$(TEST_HOST)";
				CODE_SIGN_STYLE = Automatic;
				CURRENT_PROJECT_VERSION = 1;
				GENERATE_INFOPLIST_FILE = YES;
				IPHONEOS_DEPLOYMENT_TARGET = 15.5;
				MARKETING_VERSION = 1.0;
				PRODUCT_BUNDLE_IDENTIFIER = ios.rw.fiu.edu.FlixTests;
				PRODUCT_NAME = "$(TARGET_NAME)";
				SWIFT_EMIT_LOC_STRINGS = NO;
				SWIFT_VERSION = 5.0;
				TARGETED_DEVICE_FAMILY = "1,2";
				TEST_HOST = "$(BUILT_PRODUCTS_DIR)/Flix.app/Flix";
			};
			name = Release;
		};
		033DC3B528CE798F003D4050 /* Debug */ = {
			isa = XCBuildConfiguration;
			baseConfigurationReference = 498EE9D73CDF4CDBC90063AD /* Pods-Flix-FlixUITests.debug.xcconfig */;
			buildSettings = {
				ALWAYS_EMBED_SWIFT_STANDARD_LIBRARIES = YES;
				CODE_SIGN_STYLE = Automatic;
				CURRENT_PROJECT_VERSION = 1;
				GENERATE_INFOPLIST_FILE = YES;
				MARKETING_VERSION = 1.0;
				PRODUCT_BUNDLE_IDENTIFIER = ios.rw.fiu.edu.FlixUITests;
				PRODUCT_NAME = "$(TARGET_NAME)";
				SWIFT_EMIT_LOC_STRINGS = NO;
				SWIFT_VERSION = 5.0;
				TARGETED_DEVICE_FAMILY = "1,2";
				TEST_TARGET_NAME = Flix;
			};
			name = Debug;
		};
		033DC3B628CE798F003D4050 /* Release */ = {
			isa = XCBuildConfiguration;
			baseConfigurationReference = D7C5C25F65570BF260B13745 /* Pods-Flix-FlixUITests.release.xcconfig */;
			buildSettings = {
				ALWAYS_EMBED_SWIFT_STANDARD_LIBRARIES = YES;
				CODE_SIGN_STYLE = Automatic;
				CURRENT_PROJECT_VERSION = 1;
				GENERATE_INFOPLIST_FILE = YES;
				MARKETING_VERSION = 1.0;
				PRODUCT_BUNDLE_IDENTIFIER = ios.rw.fiu.edu.FlixUITests;
				PRODUCT_NAME = "$(TARGET_NAME)";
				SWIFT_EMIT_LOC_STRINGS = NO;
				SWIFT_VERSION = 5.0;
				TARGETED_DEVICE_FAMILY = "1,2";
				TEST_TARGET_NAME = Flix;
			};
			name = Release;
		};
/* End XCBuildConfiguration section */

/* Begin XCConfigurationList section */
		033DC37F28CE798E003D4050 /* Build configuration list for PBXProject "Flix" */ = {
			isa = XCConfigurationList;
			buildConfigurations = (
				033DC3AC28CE798F003D4050 /* Debug */,
				033DC3AD28CE798F003D4050 /* Release */,
			);
			defaultConfigurationIsVisible = 0;
			defaultConfigurationName = Release;
		};
		033DC3AE28CE798F003D4050 /* Build configuration list for PBXNativeTarget "Flix" */ = {
			isa = XCConfigurationList;
			buildConfigurations = (
				033DC3AF28CE798F003D4050 /* Debug */,
				033DC3B028CE798F003D4050 /* Release */,
			);
			defaultConfigurationIsVisible = 0;
			defaultConfigurationName = Release;
		};
		033DC3B128CE798F003D4050 /* Build configuration list for PBXNativeTarget "FlixTests" */ = {
			isa = XCConfigurationList;
			buildConfigurations = (
				033DC3B228CE798F003D4050 /* Debug */,
				033DC3B328CE798F003D4050 /* Release */,
			);
			defaultConfigurationIsVisible = 0;
			defaultConfigurationName = Release;
		};
		033DC3B428CE798F003D4050 /* Build configuration list for PBXNativeTarget "FlixUITests" */ = {
			isa = XCConfigurationList;
			buildConfigurations = (
				033DC3B528CE798F003D4050 /* Debug */,
				033DC3B628CE798F003D4050 /* Release */,
			);
			defaultConfigurationIsVisible = 0;
			defaultConfigurationName = Release;
		};
/* End XCConfigurationList section */
	};
	rootObject = 033DC37C28CE798E003D4050 /* Project object */;
}
